
Microsoft Visual Studio Solution File, Format Version 12.00
# Visual Studio Version 17
VisualStudioVersion = 17.2.32630.192
MinimumVisualStudioVersion = 10.0.40219.1
Project("{FAE04EC0-301F-11D3-BF4B-00C04F79EFBC}") = "TestProject1", "TestProject1\TestProject1.csproj", "{2E5D9011-39D1-4FAD-A650-0CA9B606002E}"
EndProject
Global
	GlobalSection(SolutionConfigurationPlatforms) = preSolution
		Debug|Any CPU = Debug|Any CPU
		Release|Any CPU = Release|Any CPU
	EndGlobalSection
	GlobalSection(ProjectConfigurationPlatforms) = postSolution
		{2E5D9011-39D1-4FAD-A650-0CA9B606002E}.Debug|Any CPU.ActiveCfg = Debug|Any CPU
		{2E5D9011-39D1-4FAD-A650-0CA9B606002E}.Debug|Any CPU.Build.0 = Debug|Any CPU
		{2E5D9011-39D1-4FAD-A650-0CA9B606002E}.Release|Any CPU.ActiveCfg = Release|Any CPU
		{2E5D9011-39D1-4FAD-A650-0CA9B606002E}.Release|Any CPU.Build.0 = Release|Any CPU
	EndGlobalSection
	GlobalSection(SolutionProperties) = preSolution
		HideSolutionNode = FALSE
	EndGlobalSection
	GlobalSection(ExtensibilityGlobals) = postSolution
		SolutionGuid = {D2D96588-79F9-4BD5-8DF0-439390F646B2}
	EndGlobalSection
EndGlobal
